// !$*UTF8*$!
{
	archiveVersion = 1;
	classes = {
	};
	objectVersion = 56;
	objects = {

/* Begin PBXBuildFile section */
		3723E6242A74D8610035E030 /* ImageManager.swift in Sources */ = {isa = PBXBuildFile; fileRef = 3723E6232A74D8610035E030 /* ImageManager.swift */; };
		375837E32A55B2D0002AAD2C /* GoogleService.swift in Sources */ = {isa = PBXBuildFile; fileRef = 375837E22A55B2D0002AAD2C /* GoogleService.swift */; };
		376EC0B22A54437C00F57DE4 /* AppDelegate.swift in Sources */ = {isa = PBXBuildFile; fileRef = 376EC0B12A54437C00F57DE4 /* AppDelegate.swift */; };
		376EC0B42A54437C00F57DE4 /* SceneDelegate.swift in Sources */ = {isa = PBXBuildFile; fileRef = 376EC0B32A54437C00F57DE4 /* SceneDelegate.swift */; };
		376EC0BC2A54437C00F57DE4 /* wtd.xcdatamodeld in Sources */ = {isa = PBXBuildFile; fileRef = 376EC0BA2A54437C00F57DE4 /* wtd.xcdatamodeld */; };
		376EC0BE2A54437D00F57DE4 /* Assets.xcassets in Resources */ = {isa = PBXBuildFile; fileRef = 376EC0BD2A54437D00F57DE4 /* Assets.xcassets */; };
		376EC0C12A54437D00F57DE4 /* LaunchScreen.storyboard in Resources */ = {isa = PBXBuildFile; fileRef = 376EC0BF2A54437D00F57DE4 /* LaunchScreen.storyboard */; };
		376EC0CC2A54437D00F57DE4 /* wtdTests.swift in Sources */ = {isa = PBXBuildFile; fileRef = 376EC0CB2A54437D00F57DE4 /* wtdTests.swift */; };
		376EC0D62A54437D00F57DE4 /* wtdUITests.swift in Sources */ = {isa = PBXBuildFile; fileRef = 376EC0D52A54437D00F57DE4 /* wtdUITests.swift */; };
		376EC0D82A54437D00F57DE4 /* wtdUITestsLaunchTests.swift in Sources */ = {isa = PBXBuildFile; fileRef = 376EC0D72A54437D00F57DE4 /* wtdUITestsLaunchTests.swift */; };
		376EC0ED2A5443D800F57DE4 /* LoginVC.swift in Sources */ = {isa = PBXBuildFile; fileRef = 376EC0EC2A5443D800F57DE4 /* LoginVC.swift */; };
		378747D62A6255EB00F8B98E /* GoogleService-Info.plist in Resources */ = {isa = PBXBuildFile; fileRef = 378747D52A6255EB00F8B98E /* GoogleService-Info.plist */; };
		3791A5D22A55B80E002EC859 /* FirebaseService.swift in Sources */ = {isa = PBXBuildFile; fileRef = 3791A5D12A55B80E002EC859 /* FirebaseService.swift */; };
		37B5EFF12A56ECA90071EEFA /* WeatherHeaderView.swift in Sources */ = {isa = PBXBuildFile; fileRef = 37B5EFF02A56ECA90071EEFA /* WeatherHeaderView.swift */; };
		37B5EFF32A56EF770071EEFA /* TemperatureView.swift in Sources */ = {isa = PBXBuildFile; fileRef = 37B5EFF22A56EF770071EEFA /* TemperatureView.swift */; };
		37B5EFF52A56F56B0071EEFA /* WeatherInfoView.swift in Sources */ = {isa = PBXBuildFile; fileRef = 37B5EFF42A56F56B0071EEFA /* WeatherInfoView.swift */; };
		37B5EFF72A56F5C10071EEFA /* WeatherInfoItemStackView.swift in Sources */ = {isa = PBXBuildFile; fileRef = 37B5EFF62A56F5C10071EEFA /* WeatherInfoItemStackView.swift */; };
		5F0BE86F7F4E0CFA3DF04D1D /* Pods_wtdTests.framework in Frameworks */ = {isa = PBXBuildFile; fileRef = C440918499F1B468297133D8 /* Pods_wtdTests.framework */; };
		6E254B092A5E3011005E9F58 /* UserDefaultsManager.swift in Sources */ = {isa = PBXBuildFile; fileRef = 6E254B082A5E3011005E9F58 /* UserDefaultsManager.swift */; };
		6E2F29662A6661E7005E8B98 /* WeatherTodayTomorrowView.swift in Sources */ = {isa = PBXBuildFile; fileRef = 6E2F29652A6661E7005E8B98 /* WeatherTodayTomorrowView.swift */; };
		6E2F29682A67A503005E8B98 /* TodayTomorrowTableViewCell.swift in Sources */ = {isa = PBXBuildFile; fileRef = 6E2F29672A67A503005E8B98 /* TodayTomorrowTableViewCell.swift */; };
		6E2F296A2A67A740005E8B98 /* TodayTomorrowCollectionViewCell.swift in Sources */ = {isa = PBXBuildFile; fileRef = 6E2F29692A67A740005E8B98 /* TodayTomorrowCollectionViewCell.swift */; };
		6E6E48572A564F7B0041A037 /* Constants.swift in Sources */ = {isa = PBXBuildFile; fileRef = 6E6E48562A564F7B0041A037 /* Constants.swift */; };
		6E6E485C2A56567E0041A037 /* WeatherVC.swift in Sources */ = {isa = PBXBuildFile; fileRef = 6E6E485B2A56567E0041A037 /* WeatherVC.swift */; };
		6E6E485E2A565B480041A037 /* CommonUtil.swift in Sources */ = {isa = PBXBuildFile; fileRef = 6E6E485D2A565B480041A037 /* CommonUtil.swift */; };
		6E6E48612A565F180041A037 /* BaseTabBar.swift in Sources */ = {isa = PBXBuildFile; fileRef = 6E6E48602A565F180041A037 /* BaseTabBar.swift */; };
		6E6E48642A565F230041A037 /* MovieVC.swift in Sources */ = {isa = PBXBuildFile; fileRef = 6E6E48632A565F230041A037 /* MovieVC.swift */; };
		6E6E48672A565F2F0041A037 /* NearMeVC.swift in Sources */ = {isa = PBXBuildFile; fileRef = 6E6E48662A565F2F0041A037 /* NearMeVC.swift */; };
		6E6E486A2A565F370041A037 /* ProfileVC.swift in Sources */ = {isa = PBXBuildFile; fileRef = 6E6E48692A565F370041A037 /* ProfileVC.swift */; };
		6E7688922A555D5900B1E7EB /* GoogleButton.swift in Sources */ = {isa = PBXBuildFile; fileRef = 6E7688912A555D5900B1E7EB /* GoogleButton.swift */; };
		6E7DBC102A6105C300911DFA /* RequestLocationView.swift in Sources */ = {isa = PBXBuildFile; fileRef = 6E7DBC0F2A6105C300911DFA /* RequestLocationView.swift */; };
		6E7DBC132A64CFC500911DFA /* HourlyWeatherModel.swift in Sources */ = {isa = PBXBuildFile; fileRef = 6E7DBC122A64CFC500911DFA /* HourlyWeatherModel.swift */; };
		6E81FD8B2A7CA98200624508 /* DividerView.swift in Sources */ = {isa = PBXBuildFile; fileRef = 6E81FD8A2A7CA98200624508 /* DividerView.swift */; };
		6E81FD8D2A7CD6BB00624508 /* UpcomingCell.swift in Sources */ = {isa = PBXBuildFile; fileRef = 6E81FD8C2A7CD6BB00624508 /* UpcomingCell.swift */; };
		6E81FD8F2A7CEE2500624508 /* SectionHeader.swift in Sources */ = {isa = PBXBuildFile; fileRef = 6E81FD8E2A7CEE2500624508 /* SectionHeader.swift */; };
		6E81FD982A81DE4B00624508 /* UIFont+Ext.swift in Sources */ = {isa = PBXBuildFile; fileRef = 6E81FD972A81DE4B00624508 /* UIFont+Ext.swift */; };
		6E81FD9D2A81E19500624508 /* 나눔손글씨 연지체.ttf in Resources */ = {isa = PBXBuildFile; fileRef = 6E81FD9B2A81E19500624508 /* 나눔손글씨 연지체.ttf */; };
		6E81FD9E2A81E19500624508 /* 나눔손글씨 부장님 눈치체.ttf in Resources */ = {isa = PBXBuildFile; fileRef = 6E81FD9C2A81E19500624508 /* 나눔손글씨 부장님 눈치체.ttf */; };
		6EA2BEEE2A5FA8110055CA62 /* PrimaryActivityIndicator.swift in Sources */ = {isa = PBXBuildFile; fileRef = 6EA2BEED2A5FA8110055CA62 /* PrimaryActivityIndicator.swift */; };
		6EA2BEF02A5FAA3B0055CA62 /* WeatherViewModel.swift in Sources */ = {isa = PBXBuildFile; fileRef = 6EA2BEEF2A5FAA3B0055CA62 /* WeatherViewModel.swift */; };
		6EA2BEF22A5FAC330055CA62 /* WeatherModel.swift in Sources */ = {isa = PBXBuildFile; fileRef = 6EA2BEF12A5FAC330055CA62 /* WeatherModel.swift */; };
		6EA2BEF92A5FACB30055CA62 /* URLRequest+Ext.swift in Sources */ = {isa = PBXBuildFile; fileRef = 6EA2BEF62A5FACB30055CA62 /* URLRequest+Ext.swift */; };
		6EA2BEFA2A5FACB30055CA62 /* ApiRouter.swift in Sources */ = {isa = PBXBuildFile; fileRef = 6EA2BEF72A5FACB30055CA62 /* ApiRouter.swift */; };
		6EA2BEFB2A5FACB30055CA62 /* URLSessionManager.swift in Sources */ = {isa = PBXBuildFile; fileRef = 6EA2BEF82A5FACB30055CA62 /* URLSessionManager.swift */; };
		6EA2BEFE2A5FAEE50055CA62 /* DustModel.swift in Sources */ = {isa = PBXBuildFile; fileRef = 6EA2BEFD2A5FAEE50055CA62 /* DustModel.swift */; };
		6EA7E46E2A7362D3000E82D3 /* MovieModel.swift in Sources */ = {isa = PBXBuildFile; fileRef = 6EA7E46D2A7362D3000E82D3 /* MovieModel.swift */; };
		6EA7E4702A7363CD000E82D3 /* MovieService.swift in Sources */ = {isa = PBXBuildFile; fileRef = 6EA7E46F2A7363CD000E82D3 /* MovieService.swift */; };
		6EA7E4722A738BEF000E82D3 /* MovieViewModel.swift in Sources */ = {isa = PBXBuildFile; fileRef = 6EA7E4712A738BEF000E82D3 /* MovieViewModel.swift */; };
		6EA7E4752A7396EF000E82D3 /* MovieHeaderView.swift in Sources */ = {isa = PBXBuildFile; fileRef = 6EA7E4742A7396EF000E82D3 /* MovieHeaderView.swift */; };
		6EA7E4772A73AF76000E82D3 /* NowPlayingCell.swift in Sources */ = {isa = PBXBuildFile; fileRef = 6EA7E4762A73AF76000E82D3 /* NowPlayingCell.swift */; };
		6EACE7BB2A552DA6006C5277 /* UIColor+Ext.swift in Sources */ = {isa = PBXBuildFile; fileRef = 6EACE7BA2A552DA6006C5277 /* UIColor+Ext.swift */; };
		6EACE7C42A554230006C5277 /* UIImage+Ext.swift in Sources */ = {isa = PBXBuildFile; fileRef = 6EACE7C32A554230006C5277 /* UIImage+Ext.swift */; };
		6EACE7C72A5548D8006C5277 /* LoginViewModel.swift in Sources */ = {isa = PBXBuildFile; fileRef = 6EACE7C62A5548D8006C5277 /* LoginViewModel.swift */; };
		6EC2782A2A5BE531009BBD05 /* Keys.plist in Resources */ = {isa = PBXBuildFile; fileRef = 6EC278292A5BE531009BBD05 /* Keys.plist */; };
		6EC2782C2A5BEE67009BBD05 /* WeatherService.swift in Sources */ = {isa = PBXBuildFile; fileRef = 6EC2782B2A5BEE67009BBD05 /* WeatherService.swift */; };
		6EC2782E2A5CEF89009BBD05 /* LocationManger.swift in Sources */ = {isa = PBXBuildFile; fileRef = 6EC2782D2A5CEF89009BBD05 /* LocationManger.swift */; };
		6EE5839F2A555DDF00B054EF /* AppleService.swift in Sources */ = {isa = PBXBuildFile; fileRef = 6EE5839E2A555DDF00B054EF /* AppleService.swift */; };
		9861EC234A974E9D1D702363 /* Pods_wtd_wtdUITests.framework in Frameworks */ = {isa = PBXBuildFile; fileRef = 2C7D918F1E61C757D221BC67 /* Pods_wtd_wtdUITests.framework */; };
		B939D262806A641B10CEA008 /* Pods_wtd.framework in Frameworks */ = {isa = PBXBuildFile; fileRef = 16AF31FA08D11E6C8DA60FB4 /* Pods_wtd.framework */; };
/* End PBXBuildFile section */

/* Begin PBXContainerItemProxy section */
		376EC0C82A54437D00F57DE4 /* PBXContainerItemProxy */ = {
			isa = PBXContainerItemProxy;
			containerPortal = 376EC0A62A54437C00F57DE4 /* Project object */;
			proxyType = 1;
			remoteGlobalIDString = 376EC0AD2A54437C00F57DE4;
			remoteInfo = wtd;
		};
		376EC0D22A54437D00F57DE4 /* PBXContainerItemProxy */ = {
			isa = PBXContainerItemProxy;
			containerPortal = 376EC0A62A54437C00F57DE4 /* Project object */;
			proxyType = 1;
			remoteGlobalIDString = 376EC0AD2A54437C00F57DE4;
			remoteInfo = wtd;
		};
/* End PBXContainerItemProxy section */

/* Begin PBXFileReference section */
		16AF31FA08D11E6C8DA60FB4 /* Pods_wtd.framework */ = {isa = PBXFileReference; explicitFileType = wrapper.framework; includeInIndex = 0; path = Pods_wtd.framework; sourceTree = BUILT_PRODUCTS_DIR; };
		248AE7F0C6A1ECC8BC7D7F32 /* Pods-wtdTests.debug.xcconfig */ = {isa = PBXFileReference; includeInIndex = 1; lastKnownFileType = text.xcconfig; name = "Pods-wtdTests.debug.xcconfig"; path = "Target Support Files/Pods-wtdTests/Pods-wtdTests.debug.xcconfig"; sourceTree = "<group>"; };
		2C7D918F1E61C757D221BC67 /* Pods_wtd_wtdUITests.framework */ = {isa = PBXFileReference; explicitFileType = wrapper.framework; includeInIndex = 0; path = Pods_wtd_wtdUITests.framework; sourceTree = BUILT_PRODUCTS_DIR; };
		2C8CC3303F7BE761338F6FBB /* Pods-wtd-wtdUITests.release.xcconfig */ = {isa = PBXFileReference; includeInIndex = 1; lastKnownFileType = text.xcconfig; name = "Pods-wtd-wtdUITests.release.xcconfig"; path = "Target Support Files/Pods-wtd-wtdUITests/Pods-wtd-wtdUITests.release.xcconfig"; sourceTree = "<group>"; };
		3723E6232A74D8610035E030 /* ImageManager.swift */ = {isa = PBXFileReference; lastKnownFileType = sourcecode.swift; path = ImageManager.swift; sourceTree = "<group>"; };
		375837E22A55B2D0002AAD2C /* GoogleService.swift */ = {isa = PBXFileReference; lastKnownFileType = sourcecode.swift; path = GoogleService.swift; sourceTree = "<group>"; };
		376EC0AE2A54437C00F57DE4 /* wtd.app */ = {isa = PBXFileReference; explicitFileType = wrapper.application; includeInIndex = 0; path = wtd.app; sourceTree = BUILT_PRODUCTS_DIR; };
		376EC0B12A54437C00F57DE4 /* AppDelegate.swift */ = {isa = PBXFileReference; lastKnownFileType = sourcecode.swift; path = AppDelegate.swift; sourceTree = "<group>"; };
		376EC0B32A54437C00F57DE4 /* SceneDelegate.swift */ = {isa = PBXFileReference; lastKnownFileType = sourcecode.swift; path = SceneDelegate.swift; sourceTree = "<group>"; };
		376EC0BB2A54437C00F57DE4 /* wtd.xcdatamodel */ = {isa = PBXFileReference; lastKnownFileType = wrapper.xcdatamodel; path = wtd.xcdatamodel; sourceTree = "<group>"; };
		376EC0BD2A54437D00F57DE4 /* Assets.xcassets */ = {isa = PBXFileReference; lastKnownFileType = folder.assetcatalog; path = Assets.xcassets; sourceTree = "<group>"; };
		376EC0C02A54437D00F57DE4 /* Base */ = {isa = PBXFileReference; lastKnownFileType = file.storyboard; name = Base; path = Base.lproj/LaunchScreen.storyboard; sourceTree = "<group>"; };
		376EC0C22A54437D00F57DE4 /* Info.plist */ = {isa = PBXFileReference; lastKnownFileType = text.plist.xml; path = Info.plist; sourceTree = "<group>"; };
		376EC0C72A54437D00F57DE4 /* wtdTests.xctest */ = {isa = PBXFileReference; explicitFileType = wrapper.cfbundle; includeInIndex = 0; path = wtdTests.xctest; sourceTree = BUILT_PRODUCTS_DIR; };
		376EC0CB2A54437D00F57DE4 /* wtdTests.swift */ = {isa = PBXFileReference; lastKnownFileType = sourcecode.swift; path = wtdTests.swift; sourceTree = "<group>"; };
		376EC0D12A54437D00F57DE4 /* wtdUITests.xctest */ = {isa = PBXFileReference; explicitFileType = wrapper.cfbundle; includeInIndex = 0; path = wtdUITests.xctest; sourceTree = BUILT_PRODUCTS_DIR; };
		376EC0D52A54437D00F57DE4 /* wtdUITests.swift */ = {isa = PBXFileReference; lastKnownFileType = sourcecode.swift; path = wtdUITests.swift; sourceTree = "<group>"; };
		376EC0D72A54437D00F57DE4 /* wtdUITestsLaunchTests.swift */ = {isa = PBXFileReference; lastKnownFileType = sourcecode.swift; path = wtdUITestsLaunchTests.swift; sourceTree = "<group>"; };
		376EC0EC2A5443D800F57DE4 /* LoginVC.swift */ = {isa = PBXFileReference; lastKnownFileType = sourcecode.swift; path = LoginVC.swift; sourceTree = "<group>"; };
		378747D52A6255EB00F8B98E /* GoogleService-Info.plist */ = {isa = PBXFileReference; fileEncoding = 4; lastKnownFileType = text.plist.xml; path = "GoogleService-Info.plist"; sourceTree = "<group>"; };
		3791A5D12A55B80E002EC859 /* FirebaseService.swift */ = {isa = PBXFileReference; lastKnownFileType = sourcecode.swift; path = FirebaseService.swift; sourceTree = "<group>"; };
		37B5EFF02A56ECA90071EEFA /* WeatherHeaderView.swift */ = {isa = PBXFileReference; lastKnownFileType = sourcecode.swift; path = WeatherHeaderView.swift; sourceTree = "<group>"; };
		37B5EFF22A56EF770071EEFA /* TemperatureView.swift */ = {isa = PBXFileReference; lastKnownFileType = sourcecode.swift; path = TemperatureView.swift; sourceTree = "<group>"; };
		37B5EFF42A56F56B0071EEFA /* WeatherInfoView.swift */ = {isa = PBXFileReference; lastKnownFileType = sourcecode.swift; path = WeatherInfoView.swift; sourceTree = "<group>"; };
		37B5EFF62A56F5C10071EEFA /* WeatherInfoItemStackView.swift */ = {isa = PBXFileReference; lastKnownFileType = sourcecode.swift; path = WeatherInfoItemStackView.swift; sourceTree = "<group>"; };
		4F4BECFE6C44DC0688C2A2E1 /* Pods-wtdTests.release.xcconfig */ = {isa = PBXFileReference; includeInIndex = 1; lastKnownFileType = text.xcconfig; name = "Pods-wtdTests.release.xcconfig"; path = "Target Support Files/Pods-wtdTests/Pods-wtdTests.release.xcconfig"; sourceTree = "<group>"; };
		6E254B082A5E3011005E9F58 /* UserDefaultsManager.swift */ = {isa = PBXFileReference; fileEncoding = 4; lastKnownFileType = sourcecode.swift; path = UserDefaultsManager.swift; sourceTree = "<group>"; };
		6E2F29652A6661E7005E8B98 /* WeatherTodayTomorrowView.swift */ = {isa = PBXFileReference; lastKnownFileType = sourcecode.swift; path = WeatherTodayTomorrowView.swift; sourceTree = "<group>"; };
		6E2F29672A67A503005E8B98 /* TodayTomorrowTableViewCell.swift */ = {isa = PBXFileReference; lastKnownFileType = sourcecode.swift; path = TodayTomorrowTableViewCell.swift; sourceTree = "<group>"; };
		6E2F29692A67A740005E8B98 /* TodayTomorrowCollectionViewCell.swift */ = {isa = PBXFileReference; lastKnownFileType = sourcecode.swift; path = TodayTomorrowCollectionViewCell.swift; sourceTree = "<group>"; };
		6E6E48562A564F7B0041A037 /* Constants.swift */ = {isa = PBXFileReference; lastKnownFileType = sourcecode.swift; path = Constants.swift; sourceTree = "<group>"; };
		6E6E485B2A56567E0041A037 /* WeatherVC.swift */ = {isa = PBXFileReference; lastKnownFileType = sourcecode.swift; path = WeatherVC.swift; sourceTree = "<group>"; };
		6E6E485D2A565B480041A037 /* CommonUtil.swift */ = {isa = PBXFileReference; lastKnownFileType = sourcecode.swift; path = CommonUtil.swift; sourceTree = "<group>"; };
		6E6E48602A565F180041A037 /* BaseTabBar.swift */ = {isa = PBXFileReference; lastKnownFileType = sourcecode.swift; path = BaseTabBar.swift; sourceTree = "<group>"; };
		6E6E48632A565F230041A037 /* MovieVC.swift */ = {isa = PBXFileReference; lastKnownFileType = sourcecode.swift; path = MovieVC.swift; sourceTree = "<group>"; };
		6E6E48662A565F2F0041A037 /* NearMeVC.swift */ = {isa = PBXFileReference; lastKnownFileType = sourcecode.swift; path = NearMeVC.swift; sourceTree = "<group>"; };
		6E6E48692A565F370041A037 /* ProfileVC.swift */ = {isa = PBXFileReference; lastKnownFileType = sourcecode.swift; path = ProfileVC.swift; sourceTree = "<group>"; };
		6E7688912A555D5900B1E7EB /* GoogleButton.swift */ = {isa = PBXFileReference; lastKnownFileType = sourcecode.swift; path = GoogleButton.swift; sourceTree = "<group>"; };
		6E7DBC0F2A6105C300911DFA /* RequestLocationView.swift */ = {isa = PBXFileReference; lastKnownFileType = sourcecode.swift; path = RequestLocationView.swift; sourceTree = "<group>"; };
		6E7DBC122A64CFC500911DFA /* HourlyWeatherModel.swift */ = {isa = PBXFileReference; lastKnownFileType = sourcecode.swift; path = HourlyWeatherModel.swift; sourceTree = "<group>"; };
		6E81FD8A2A7CA98200624508 /* DividerView.swift */ = {isa = PBXFileReference; lastKnownFileType = sourcecode.swift; path = DividerView.swift; sourceTree = "<group>"; };
		6E81FD8C2A7CD6BB00624508 /* UpcomingCell.swift */ = {isa = PBXFileReference; lastKnownFileType = sourcecode.swift; path = UpcomingCell.swift; sourceTree = "<group>"; };
		6E81FD8E2A7CEE2500624508 /* SectionHeader.swift */ = {isa = PBXFileReference; lastKnownFileType = sourcecode.swift; path = SectionHeader.swift; sourceTree = "<group>"; };
		6E81FD972A81DE4B00624508 /* UIFont+Ext.swift */ = {isa = PBXFileReference; lastKnownFileType = sourcecode.swift; path = "UIFont+Ext.swift"; sourceTree = "<group>"; };
		6E81FD9B2A81E19500624508 /* 나눔손글씨 연지체.ttf */ = {isa = PBXFileReference; lastKnownFileType = file; path = "나눔손글씨 연지체.ttf"; sourceTree = "<group>"; };
		6E81FD9C2A81E19500624508 /* 나눔손글씨 부장님 눈치체.ttf */ = {isa = PBXFileReference; lastKnownFileType = file; path = "나눔손글씨 부장님 눈치체.ttf"; sourceTree = "<group>"; };
		6EA2BEED2A5FA8110055CA62 /* PrimaryActivityIndicator.swift */ = {isa = PBXFileReference; fileEncoding = 4; lastKnownFileType = sourcecode.swift; path = PrimaryActivityIndicator.swift; sourceTree = "<group>"; };
		6EA2BEEF2A5FAA3B0055CA62 /* WeatherViewModel.swift */ = {isa = PBXFileReference; fileEncoding = 4; lastKnownFileType = sourcecode.swift; name = WeatherViewModel.swift; path = wtd/ViewModel/WeatherViewModel.swift; sourceTree = SOURCE_ROOT; };
		6EA2BEF12A5FAC330055CA62 /* WeatherModel.swift */ = {isa = PBXFileReference; fileEncoding = 4; lastKnownFileType = sourcecode.swift; path = WeatherModel.swift; sourceTree = "<group>"; };
		6EA2BEF62A5FACB30055CA62 /* URLRequest+Ext.swift */ = {isa = PBXFileReference; fileEncoding = 4; lastKnownFileType = sourcecode.swift; path = "URLRequest+Ext.swift"; sourceTree = "<group>"; };
		6EA2BEF72A5FACB30055CA62 /* ApiRouter.swift */ = {isa = PBXFileReference; fileEncoding = 4; lastKnownFileType = sourcecode.swift; path = ApiRouter.swift; sourceTree = "<group>"; };
		6EA2BEF82A5FACB30055CA62 /* URLSessionManager.swift */ = {isa = PBXFileReference; fileEncoding = 4; lastKnownFileType = sourcecode.swift; path = URLSessionManager.swift; sourceTree = "<group>"; };
		6EA2BEFD2A5FAEE50055CA62 /* DustModel.swift */ = {isa = PBXFileReference; lastKnownFileType = sourcecode.swift; path = DustModel.swift; sourceTree = "<group>"; };
		6EA7E46D2A7362D3000E82D3 /* MovieModel.swift */ = {isa = PBXFileReference; lastKnownFileType = sourcecode.swift; path = MovieModel.swift; sourceTree = "<group>"; };
		6EA7E46F2A7363CD000E82D3 /* MovieService.swift */ = {isa = PBXFileReference; lastKnownFileType = sourcecode.swift; path = MovieService.swift; sourceTree = "<group>"; };
		6EA7E4712A738BEF000E82D3 /* MovieViewModel.swift */ = {isa = PBXFileReference; lastKnownFileType = sourcecode.swift; path = MovieViewModel.swift; sourceTree = "<group>"; };
		6EA7E4742A7396EF000E82D3 /* MovieHeaderView.swift */ = {isa = PBXFileReference; lastKnownFileType = sourcecode.swift; path = MovieHeaderView.swift; sourceTree = "<group>"; };
		6EA7E4762A73AF76000E82D3 /* NowPlayingCell.swift */ = {isa = PBXFileReference; lastKnownFileType = sourcecode.swift; path = NowPlayingCell.swift; sourceTree = "<group>"; };
		6EACE7BA2A552DA6006C5277 /* UIColor+Ext.swift */ = {isa = PBXFileReference; lastKnownFileType = sourcecode.swift; path = "UIColor+Ext.swift"; sourceTree = "<group>"; };
		6EACE7C32A554230006C5277 /* UIImage+Ext.swift */ = {isa = PBXFileReference; lastKnownFileType = sourcecode.swift; path = "UIImage+Ext.swift"; sourceTree = "<group>"; };
		6EACE7C52A5544C3006C5277 /* wtd.entitlements */ = {isa = PBXFileReference; lastKnownFileType = text.plist.entitlements; path = wtd.entitlements; sourceTree = "<group>"; };
		6EACE7C62A5548D8006C5277 /* LoginViewModel.swift */ = {isa = PBXFileReference; lastKnownFileType = sourcecode.swift; name = LoginViewModel.swift; path = wtd/ViewModel/LoginViewModel.swift; sourceTree = SOURCE_ROOT; };
		6EC278292A5BE531009BBD05 /* Keys.plist */ = {isa = PBXFileReference; lastKnownFileType = text.plist.xml; path = Keys.plist; sourceTree = "<group>"; };
		6EC2782B2A5BEE67009BBD05 /* WeatherService.swift */ = {isa = PBXFileReference; lastKnownFileType = sourcecode.swift; path = WeatherService.swift; sourceTree = "<group>"; };
		6EC2782D2A5CEF89009BBD05 /* LocationManger.swift */ = {isa = PBXFileReference; lastKnownFileType = sourcecode.swift; path = LocationManger.swift; sourceTree = "<group>"; };
		6EE5839E2A555DDF00B054EF /* AppleService.swift */ = {isa = PBXFileReference; lastKnownFileType = sourcecode.swift; path = AppleService.swift; sourceTree = "<group>"; };
		786D51991994B747EFC7BF01 /* Pods-wtd-wtdUITests.debug.xcconfig */ = {isa = PBXFileReference; includeInIndex = 1; lastKnownFileType = text.xcconfig; name = "Pods-wtd-wtdUITests.debug.xcconfig"; path = "Target Support Files/Pods-wtd-wtdUITests/Pods-wtd-wtdUITests.debug.xcconfig"; sourceTree = "<group>"; };
		C440918499F1B468297133D8 /* Pods_wtdTests.framework */ = {isa = PBXFileReference; explicitFileType = wrapper.framework; includeInIndex = 0; path = Pods_wtdTests.framework; sourceTree = BUILT_PRODUCTS_DIR; };
		D1FC495A1332BF4FA9B8B147 /* Pods-wtd.release.xcconfig */ = {isa = PBXFileReference; includeInIndex = 1; lastKnownFileType = text.xcconfig; name = "Pods-wtd.release.xcconfig"; path = "Target Support Files/Pods-wtd/Pods-wtd.release.xcconfig"; sourceTree = "<group>"; };
		E6508F048584C551D517F09C /* Pods-wtd.debug.xcconfig */ = {isa = PBXFileReference; includeInIndex = 1; lastKnownFileType = text.xcconfig; name = "Pods-wtd.debug.xcconfig"; path = "Target Support Files/Pods-wtd/Pods-wtd.debug.xcconfig"; sourceTree = "<group>"; };
/* End PBXFileReference section */

/* Begin PBXFrameworksBuildPhase section */
		376EC0AB2A54437C00F57DE4 /* Frameworks */ = {
			isa = PBXFrameworksBuildPhase;
			buildActionMask = 2147483647;
			files = (
				B939D262806A641B10CEA008 /* Pods_wtd.framework in Frameworks */,
			);
			runOnlyForDeploymentPostprocessing = 0;
		};
		376EC0C42A54437D00F57DE4 /* Frameworks */ = {
			isa = PBXFrameworksBuildPhase;
			buildActionMask = 2147483647;
			files = (
				5F0BE86F7F4E0CFA3DF04D1D /* Pods_wtdTests.framework in Frameworks */,
			);
			runOnlyForDeploymentPostprocessing = 0;
		};
		376EC0CE2A54437D00F57DE4 /* Frameworks */ = {
			isa = PBXFrameworksBuildPhase;
			buildActionMask = 2147483647;
			files = (
				9861EC234A974E9D1D702363 /* Pods_wtd_wtdUITests.framework in Frameworks */,
			);
			runOnlyForDeploymentPostprocessing = 0;
		};
/* End PBXFrameworksBuildPhase section */

/* Begin PBXGroup section */
		376EC0A52A54437C00F57DE4 = {
			isa = PBXGroup;
			children = (
				376EC0B02A54437C00F57DE4 /* wtd */,
				376EC0CA2A54437D00F57DE4 /* wtdTests */,
				376EC0D42A54437D00F57DE4 /* wtdUITests */,
				376EC0AF2A54437C00F57DE4 /* Products */,
				A7325D40D2DBB27DE282B969 /* Pods */,
				E618666AB506AC1D9987443F /* Frameworks */,
			);
			sourceTree = "<group>";
		};
		376EC0AF2A54437C00F57DE4 /* Products */ = {
			isa = PBXGroup;
			children = (
				376EC0AE2A54437C00F57DE4 /* wtd.app */,
				376EC0C72A54437D00F57DE4 /* wtdTests.xctest */,
				376EC0D12A54437D00F57DE4 /* wtdUITests.xctest */,
			);
			name = Products;
			sourceTree = "<group>";
		};
		376EC0B02A54437C00F57DE4 /* wtd */ = {
			isa = PBXGroup;
			children = (
				6E81FD942A81DDB000624508 /* Fonts */,
				6EA2BEFC2A5FAE490055CA62 /* ViewModel */,
				6E6E48542A564F620041A037 /* Util */,
				6EE5839D2A555DD700B054EF /* Service */,
				6E7688902A555D3400B1E7EB /* View */,
				6EACE7C52A5544C3006C5277 /* wtd.entitlements */,
				6E76888B2A555B8600B1E7EB /* Model */,
				6EACE7B92A552D9C006C5277 /* Extension */,
				376EC0E42A5443B300F57DE4 /* Controller */,
				376EC0B12A54437C00F57DE4 /* AppDelegate.swift */,
				376EC0B32A54437C00F57DE4 /* SceneDelegate.swift */,
				376EC0BD2A54437D00F57DE4 /* Assets.xcassets */,
				376EC0BF2A54437D00F57DE4 /* LaunchScreen.storyboard */,
				376EC0C22A54437D00F57DE4 /* Info.plist */,
				376EC0BA2A54437C00F57DE4 /* wtd.xcdatamodeld */,
				6EC278292A5BE531009BBD05 /* Keys.plist */,
				378747D52A6255EB00F8B98E /* GoogleService-Info.plist */,
			);
			path = wtd;
			sourceTree = "<group>";
		};
		376EC0CA2A54437D00F57DE4 /* wtdTests */ = {
			isa = PBXGroup;
			children = (
				376EC0CB2A54437D00F57DE4 /* wtdTests.swift */,
			);
			path = wtdTests;
			sourceTree = "<group>";
		};
		376EC0D42A54437D00F57DE4 /* wtdUITests */ = {
			isa = PBXGroup;
			children = (
				376EC0D52A54437D00F57DE4 /* wtdUITests.swift */,
				376EC0D72A54437D00F57DE4 /* wtdUITestsLaunchTests.swift */,
			);
			path = wtdUITests;
			sourceTree = "<group>";
		};
		376EC0E42A5443B300F57DE4 /* Controller */ = {
			isa = PBXGroup;
			children = (
				6E6E48682A565F310041A037 /* profile */,
				6E6E48652A565F260041A037 /* nearMe */,
				6E6E48622A565F1D0041A037 /* movie */,
				6E6E485F2A565EFD0041A037 /* Tabbar */,
				6E6E485A2A5656750041A037 /* Weather */,
				376EC0EB2A5443D200F57DE4 /* Login */,
			);
			path = Controller;
			sourceTree = "<group>";
		};
		376EC0EB2A5443D200F57DE4 /* Login */ = {
			isa = PBXGroup;
			children = (
				376EC0EC2A5443D800F57DE4 /* LoginVC.swift */,
			);
			path = Login;
			sourceTree = "<group>";
		};
		37B5EFEE2A56EC8B0071EEFA /* common */ = {
			isa = PBXGroup;
			children = (
				6EA2BEED2A5FA8110055CA62 /* PrimaryActivityIndicator.swift */,
				6E7688912A555D5900B1E7EB /* GoogleButton.swift */,
				6E81FD8A2A7CA98200624508 /* DividerView.swift */,
			);
			path = common;
			sourceTree = "<group>";
		};
		37B5EFEF2A56EC940071EEFA /* weather */ = {
			isa = PBXGroup;
			children = (
				37B5EFF02A56ECA90071EEFA /* WeatherHeaderView.swift */,
				37B5EFF22A56EF770071EEFA /* TemperatureView.swift */,
				37B5EFF42A56F56B0071EEFA /* WeatherInfoView.swift */,
				37B5EFF62A56F5C10071EEFA /* WeatherInfoItemStackView.swift */,
				6E7DBC0F2A6105C300911DFA /* RequestLocationView.swift */,
				6E2F29652A6661E7005E8B98 /* WeatherTodayTomorrowView.swift */,
				6E2F29672A67A503005E8B98 /* TodayTomorrowTableViewCell.swift */,
				6E2F29692A67A740005E8B98 /* TodayTomorrowCollectionViewCell.swift */,
			);
			path = weather;
			sourceTree = "<group>";
		};
		6E6E48542A564F620041A037 /* Util */ = {
			isa = PBXGroup;
			children = (
				6E6E48562A564F7B0041A037 /* Constants.swift */,
				6E6E485D2A565B480041A037 /* CommonUtil.swift */,
				6EC2782D2A5CEF89009BBD05 /* LocationManger.swift */,
				6E254B082A5E3011005E9F58 /* UserDefaultsManager.swift */,
				3723E6232A74D8610035E030 /* ImageManager.swift */,
			);
			path = Util;
			sourceTree = "<group>";
		};
		6E6E485A2A5656750041A037 /* Weather */ = {
			isa = PBXGroup;
			children = (
				6E6E485B2A56567E0041A037 /* WeatherVC.swift */,
			);
			path = Weather;
			sourceTree = "<group>";
		};
		6E6E485F2A565EFD0041A037 /* Tabbar */ = {
			isa = PBXGroup;
			children = (
				6E6E48602A565F180041A037 /* BaseTabBar.swift */,
			);
			path = Tabbar;
			sourceTree = "<group>";
		};
		6E6E48622A565F1D0041A037 /* movie */ = {
			isa = PBXGroup;
			children = (
				6E6E48632A565F230041A037 /* MovieVC.swift */,
			);
			path = movie;
			sourceTree = "<group>";
		};
		6E6E48652A565F260041A037 /* nearMe */ = {
			isa = PBXGroup;
			children = (
				6E6E48662A565F2F0041A037 /* NearMeVC.swift */,
			);
			path = nearMe;
			sourceTree = "<group>";
		};
		6E6E48682A565F310041A037 /* profile */ = {
			isa = PBXGroup;
			children = (
				6E6E48692A565F370041A037 /* ProfileVC.swift */,
			);
			path = profile;
			sourceTree = "<group>";
		};
		6E76888B2A555B8600B1E7EB /* Model */ = {
			isa = PBXGroup;
			children = (
				6EA2BEF12A5FAC330055CA62 /* WeatherModel.swift */,
				6EA2BEFD2A5FAEE50055CA62 /* DustModel.swift */,
				6E7DBC122A64CFC500911DFA /* HourlyWeatherModel.swift */,
				6EA7E46D2A7362D3000E82D3 /* MovieModel.swift */,
			);
			path = Model;
			sourceTree = "<group>";
		};
		6E7688902A555D3400B1E7EB /* View */ = {
			isa = PBXGroup;
			children = (
				6EA7E4732A7396DD000E82D3 /* movie */,
				37B5EFEF2A56EC940071EEFA /* weather */,
				37B5EFEE2A56EC8B0071EEFA /* common */,
			);
			path = View;
			sourceTree = "<group>";
		};
		6E81FD942A81DDB000624508 /* Fonts */ = {
			isa = PBXGroup;
			children = (
				6E81FD9C2A81E19500624508 /* 나눔손글씨 부장님 눈치체.ttf */,
				6E81FD9B2A81E19500624508 /* 나눔손글씨 연지체.ttf */,
			);
			path = Fonts;
			sourceTree = "<group>";
		};
		6EA2BEF52A5FACB30055CA62 /* base */ = {
			isa = PBXGroup;
			children = (
				6EA2BEF62A5FACB30055CA62 /* URLRequest+Ext.swift */,
				6EA2BEF72A5FACB30055CA62 /* ApiRouter.swift */,
				6EA2BEF82A5FACB30055CA62 /* URLSessionManager.swift */,
			);
			path = base;
			sourceTree = "<group>";
		};
		6EA2BEFC2A5FAE490055CA62 /* ViewModel */ = {
			isa = PBXGroup;
			children = (
				6EACE7C62A5548D8006C5277 /* LoginViewModel.swift */,
				6EA2BEEF2A5FAA3B0055CA62 /* WeatherViewModel.swift */,
				6EA7E4712A738BEF000E82D3 /* MovieViewModel.swift */,
			);
			path = ViewModel;
			sourceTree = "<group>";
		};
		6EA7E4732A7396DD000E82D3 /* movie */ = {
			isa = PBXGroup;
			children = (
				6EA7E4742A7396EF000E82D3 /* MovieHeaderView.swift */,
				6EA7E4762A73AF76000E82D3 /* NowPlayingCell.swift */,
				6E81FD8C2A7CD6BB00624508 /* UpcomingCell.swift */,
				6E81FD8E2A7CEE2500624508 /* SectionHeader.swift */,
			);
			path = movie;
			sourceTree = "<group>";
		};
		6EACE7B92A552D9C006C5277 /* Extension */ = {
			isa = PBXGroup;
			children = (
				6EACE7BA2A552DA6006C5277 /* UIColor+Ext.swift */,
				6EACE7C32A554230006C5277 /* UIImage+Ext.swift */,
				6E81FD972A81DE4B00624508 /* UIFont+Ext.swift */,
			);
			path = Extension;
			sourceTree = "<group>";
		};
		6EE5839D2A555DD700B054EF /* Service */ = {
			isa = PBXGroup;
			children = (
				6EA2BEF52A5FACB30055CA62 /* base */,
				6EE5839E2A555DDF00B054EF /* AppleService.swift */,
				375837E22A55B2D0002AAD2C /* GoogleService.swift */,
				3791A5D12A55B80E002EC859 /* FirebaseService.swift */,
				6EC2782B2A5BEE67009BBD05 /* WeatherService.swift */,
				6EA7E46F2A7363CD000E82D3 /* MovieService.swift */,
			);
			path = Service;
			sourceTree = "<group>";
		};
		A7325D40D2DBB27DE282B969 /* Pods */ = {
			isa = PBXGroup;
			children = (
				E6508F048584C551D517F09C /* Pods-wtd.debug.xcconfig */,
				D1FC495A1332BF4FA9B8B147 /* Pods-wtd.release.xcconfig */,
				786D51991994B747EFC7BF01 /* Pods-wtd-wtdUITests.debug.xcconfig */,
				2C8CC3303F7BE761338F6FBB /* Pods-wtd-wtdUITests.release.xcconfig */,
				248AE7F0C6A1ECC8BC7D7F32 /* Pods-wtdTests.debug.xcconfig */,
				4F4BECFE6C44DC0688C2A2E1 /* Pods-wtdTests.release.xcconfig */,
			);
			path = Pods;
			sourceTree = "<group>";
		};
		E618666AB506AC1D9987443F /* Frameworks */ = {
			isa = PBXGroup;
			children = (
				16AF31FA08D11E6C8DA60FB4 /* Pods_wtd.framework */,
				2C7D918F1E61C757D221BC67 /* Pods_wtd_wtdUITests.framework */,
				C440918499F1B468297133D8 /* Pods_wtdTests.framework */,
			);
			name = Frameworks;
			sourceTree = "<group>";
		};
/* End PBXGroup section */

/* Begin PBXNativeTarget section */
		376EC0AD2A54437C00F57DE4 /* wtd */ = {
			isa = PBXNativeTarget;
			buildConfigurationList = 376EC0DB2A54437D00F57DE4 /* Build configuration list for PBXNativeTarget "wtd" */;
			buildPhases = (
				06DB1A899D7B08FE25570F0E /* [CP] Check Pods Manifest.lock */,
				376EC0AA2A54437C00F57DE4 /* Sources */,
				376EC0AB2A54437C00F57DE4 /* Frameworks */,
				376EC0AC2A54437C00F57DE4 /* Resources */,
				6C51ED573A7108F11269724D /* [CP] Embed Pods Frameworks */,
			);
			buildRules = (
			);
			dependencies = (
			);
			name = wtd;
			productName = wtd;
			productReference = 376EC0AE2A54437C00F57DE4 /* wtd.app */;
			productType = "com.apple.product-type.application";
		};
		376EC0C62A54437D00F57DE4 /* wtdTests */ = {
			isa = PBXNativeTarget;
			buildConfigurationList = 376EC0DE2A54437D00F57DE4 /* Build configuration list for PBXNativeTarget "wtdTests" */;
			buildPhases = (
				ACCE2DD4637B4312EA7B5F38 /* [CP] Check Pods Manifest.lock */,
				376EC0C32A54437D00F57DE4 /* Sources */,
				376EC0C42A54437D00F57DE4 /* Frameworks */,
				376EC0C52A54437D00F57DE4 /* Resources */,
			);
			buildRules = (
			);
			dependencies = (
				376EC0C92A54437D00F57DE4 /* PBXTargetDependency */,
			);
			name = wtdTests;
			productName = wtdTests;
			productReference = 376EC0C72A54437D00F57DE4 /* wtdTests.xctest */;
			productType = "com.apple.product-type.bundle.unit-test";
		};
		376EC0D02A54437D00F57DE4 /* wtdUITests */ = {
			isa = PBXNativeTarget;
			buildConfigurationList = 376EC0E12A54437D00F57DE4 /* Build configuration list for PBXNativeTarget "wtdUITests" */;
			buildPhases = (
				8A3B1113F0EE5EA057987A3C /* [CP] Check Pods Manifest.lock */,
				376EC0CD2A54437D00F57DE4 /* Sources */,
				376EC0CE2A54437D00F57DE4 /* Frameworks */,
				376EC0CF2A54437D00F57DE4 /* Resources */,
				9B526D443F2D43AE79BC20DC /* [CP] Embed Pods Frameworks */,
			);
			buildRules = (
			);
			dependencies = (
				376EC0D32A54437D00F57DE4 /* PBXTargetDependency */,
			);
			name = wtdUITests;
			productName = wtdUITests;
			productReference = 376EC0D12A54437D00F57DE4 /* wtdUITests.xctest */;
			productType = "com.apple.product-type.bundle.ui-testing";
		};
/* End PBXNativeTarget section */

/* Begin PBXProject section */
		376EC0A62A54437C00F57DE4 /* Project object */ = {
			isa = PBXProject;
			attributes = {
				BuildIndependentTargetsInParallel = 1;
				LastSwiftUpdateCheck = 1430;
				LastUpgradeCheck = 1430;
				TargetAttributes = {
					376EC0AD2A54437C00F57DE4 = {
						CreatedOnToolsVersion = 14.3;
					};
					376EC0C62A54437D00F57DE4 = {
						CreatedOnToolsVersion = 14.3;
						TestTargetID = 376EC0AD2A54437C00F57DE4;
					};
					376EC0D02A54437D00F57DE4 = {
						CreatedOnToolsVersion = 14.3;
						TestTargetID = 376EC0AD2A54437C00F57DE4;
					};
				};
			};
			buildConfigurationList = 376EC0A92A54437C00F57DE4 /* Build configuration list for PBXProject "wtd" */;
			compatibilityVersion = "Xcode 14.0";
			developmentRegion = en;
			hasScannedForEncodings = 0;
			knownRegions = (
				en,
				Base,
			);
			mainGroup = 376EC0A52A54437C00F57DE4;
			productRefGroup = 376EC0AF2A54437C00F57DE4 /* Products */;
			projectDirPath = "";
			projectRoot = "";
			targets = (
				376EC0AD2A54437C00F57DE4 /* wtd */,
				376EC0C62A54437D00F57DE4 /* wtdTests */,
				376EC0D02A54437D00F57DE4 /* wtdUITests */,
			);
		};
/* End PBXProject section */

/* Begin PBXResourcesBuildPhase section */
		376EC0AC2A54437C00F57DE4 /* Resources */ = {
			isa = PBXResourcesBuildPhase;
			buildActionMask = 2147483647;
			files = (
				6EC2782A2A5BE531009BBD05 /* Keys.plist in Resources */,
				378747D62A6255EB00F8B98E /* GoogleService-Info.plist in Resources */,
				6E81FD9D2A81E19500624508 /* 나눔손글씨 연지체.ttf in Resources */,
				376EC0C12A54437D00F57DE4 /* LaunchScreen.storyboard in Resources */,
				6E81FD9E2A81E19500624508 /* 나눔손글씨 부장님 눈치체.ttf in Resources */,
				376EC0BE2A54437D00F57DE4 /* Assets.xcassets in Resources */,
			);
			runOnlyForDeploymentPostprocessing = 0;
		};
		376EC0C52A54437D00F57DE4 /* Resources */ = {
			isa = PBXResourcesBuildPhase;
			buildActionMask = 2147483647;
			files = (
			);
			runOnlyForDeploymentPostprocessing = 0;
		};
		376EC0CF2A54437D00F57DE4 /* Resources */ = {
			isa = PBXResourcesBuildPhase;
			buildActionMask = 2147483647;
			files = (
			);
			runOnlyForDeploymentPostprocessing = 0;
		};
/* End PBXResourcesBuildPhase section */

/* Begin PBXShellScriptBuildPhase section */
		06DB1A899D7B08FE25570F0E /* [CP] Check Pods Manifest.lock */ = {
			isa = PBXShellScriptBuildPhase;
			buildActionMask = 2147483647;
			files = (
			);
			inputFileListPaths = (
			);
			inputPaths = (
				"${PODS_PODFILE_DIR_PATH}/Podfile.lock",
				"${PODS_ROOT}/Manifest.lock",
			);
			name = "[CP] Check Pods Manifest.lock";
			outputFileListPaths = (
			);
			outputPaths = (
				"$(DERIVED_FILE_DIR)/Pods-wtd-checkManifestLockResult.txt",
			);
			runOnlyForDeploymentPostprocessing = 0;
			shellPath = /bin/sh;
			shellScript = "diff \"${PODS_PODFILE_DIR_PATH}/Podfile.lock\" \"${PODS_ROOT}/Manifest.lock\" > /dev/null\nif [ $? != 0 ] ; then\n    # print error to STDERR\n    echo \"error: The sandbox is not in sync with the Podfile.lock. Run 'pod install' or update your CocoaPods installation.\" >&2\n    exit 1\nfi\n# This output is used by Xcode 'outputs' to avoid re-running this script phase.\necho \"SUCCESS\" > \"${SCRIPT_OUTPUT_FILE_0}\"\n";
			showEnvVarsInLog = 0;
		};
		6C51ED573A7108F11269724D /* [CP] Embed Pods Frameworks */ = {
			isa = PBXShellScriptBuildPhase;
			buildActionMask = 2147483647;
			files = (
			);
			inputFileListPaths = (
				"${PODS_ROOT}/Target Support Files/Pods-wtd/Pods-wtd-frameworks-${CONFIGURATION}-input-files.xcfilelist",
			);
			name = "[CP] Embed Pods Frameworks";
			outputFileListPaths = (
				"${PODS_ROOT}/Target Support Files/Pods-wtd/Pods-wtd-frameworks-${CONFIGURATION}-output-files.xcfilelist",
			);
			runOnlyForDeploymentPostprocessing = 0;
			shellPath = /bin/sh;
			shellScript = "\"${PODS_ROOT}/Target Support Files/Pods-wtd/Pods-wtd-frameworks.sh\"\n";
			showEnvVarsInLog = 0;
		};
		8A3B1113F0EE5EA057987A3C /* [CP] Check Pods Manifest.lock */ = {
			isa = PBXShellScriptBuildPhase;
			buildActionMask = 2147483647;
			files = (
			);
			inputFileListPaths = (
			);
			inputPaths = (
				"${PODS_PODFILE_DIR_PATH}/Podfile.lock",
				"${PODS_ROOT}/Manifest.lock",
			);
			name = "[CP] Check Pods Manifest.lock";
			outputFileListPaths = (
			);
			outputPaths = (
				"$(DERIVED_FILE_DIR)/Pods-wtd-wtdUITests-checkManifestLockResult.txt",
			);
			runOnlyForDeploymentPostprocessing = 0;
			shellPath = /bin/sh;
			shellScript = "diff \"${PODS_PODFILE_DIR_PATH}/Podfile.lock\" \"${PODS_ROOT}/Manifest.lock\" > /dev/null\nif [ $? != 0 ] ; then\n    # print error to STDERR\n    echo \"error: The sandbox is not in sync with the Podfile.lock. Run 'pod install' or update your CocoaPods installation.\" >&2\n    exit 1\nfi\n# This output is used by Xcode 'outputs' to avoid re-running this script phase.\necho \"SUCCESS\" > \"${SCRIPT_OUTPUT_FILE_0}\"\n";
			showEnvVarsInLog = 0;
		};
		9B526D443F2D43AE79BC20DC /* [CP] Embed Pods Frameworks */ = {
			isa = PBXShellScriptBuildPhase;
			buildActionMask = 2147483647;
			files = (
			);
			inputFileListPaths = (
				"${PODS_ROOT}/Target Support Files/Pods-wtd-wtdUITests/Pods-wtd-wtdUITests-frameworks-${CONFIGURATION}-input-files.xcfilelist",
			);
			name = "[CP] Embed Pods Frameworks";
			outputFileListPaths = (
				"${PODS_ROOT}/Target Support Files/Pods-wtd-wtdUITests/Pods-wtd-wtdUITests-frameworks-${CONFIGURATION}-output-files.xcfilelist",
			);
			runOnlyForDeploymentPostprocessing = 0;
			shellPath = /bin/sh;
			shellScript = "\"${PODS_ROOT}/Target Support Files/Pods-wtd-wtdUITests/Pods-wtd-wtdUITests-frameworks.sh\"\n";
			showEnvVarsInLog = 0;
		};
		ACCE2DD4637B4312EA7B5F38 /* [CP] Check Pods Manifest.lock */ = {
			isa = PBXShellScriptBuildPhase;
			buildActionMask = 2147483647;
			files = (
			);
			inputFileListPaths = (
			);
			inputPaths = (
				"${PODS_PODFILE_DIR_PATH}/Podfile.lock",
				"${PODS_ROOT}/Manifest.lock",
			);
			name = "[CP] Check Pods Manifest.lock";
			outputFileListPaths = (
			);
			outputPaths = (
				"$(DERIVED_FILE_DIR)/Pods-wtdTests-checkManifestLockResult.txt",
			);
			runOnlyForDeploymentPostprocessing = 0;
			shellPath = /bin/sh;
			shellScript = "diff \"${PODS_PODFILE_DIR_PATH}/Podfile.lock\" \"${PODS_ROOT}/Manifest.lock\" > /dev/null\nif [ $? != 0 ] ; then\n    # print error to STDERR\n    echo \"error: The sandbox is not in sync with the Podfile.lock. Run 'pod install' or update your CocoaPods installation.\" >&2\n    exit 1\nfi\n# This output is used by Xcode 'outputs' to avoid re-running this script phase.\necho \"SUCCESS\" > \"${SCRIPT_OUTPUT_FILE_0}\"\n";
			showEnvVarsInLog = 0;
		};
/* End PBXShellScriptBuildPhase section */

/* Begin PBXSourcesBuildPhase section */
		376EC0AA2A54437C00F57DE4 /* Sources */ = {
			isa = PBXSourcesBuildPhase;
			buildActionMask = 2147483647;
			files = (
				6E6E486A2A565F370041A037 /* ProfileVC.swift in Sources */,
				6EA2BEF22A5FAC330055CA62 /* WeatherModel.swift in Sources */,
				6E81FD8D2A7CD6BB00624508 /* UpcomingCell.swift in Sources */,
				6EA2BEFE2A5FAEE50055CA62 /* DustModel.swift in Sources */,
				37B5EFF52A56F56B0071EEFA /* WeatherInfoView.swift in Sources */,
				6E2F296A2A67A740005E8B98 /* TodayTomorrowCollectionViewCell.swift in Sources */,
				6E7688922A555D5900B1E7EB /* GoogleButton.swift in Sources */,
				6EA2BEFB2A5FACB30055CA62 /* URLSessionManager.swift in Sources */,
				6EACE7C42A554230006C5277 /* UIImage+Ext.swift in Sources */,
				6EA7E46E2A7362D3000E82D3 /* MovieModel.swift in Sources */,
				376EC0B22A54437C00F57DE4 /* AppDelegate.swift in Sources */,
				6E6E485C2A56567E0041A037 /* WeatherVC.swift in Sources */,
				6EA7E4722A738BEF000E82D3 /* MovieViewModel.swift in Sources */,
				6E7DBC102A6105C300911DFA /* RequestLocationView.swift in Sources */,
				6EA2BEF02A5FAA3B0055CA62 /* WeatherViewModel.swift in Sources */,
				6EE5839F2A555DDF00B054EF /* AppleService.swift in Sources */,
				376EC0B42A54437C00F57DE4 /* SceneDelegate.swift in Sources */,
				6E6E48612A565F180041A037 /* BaseTabBar.swift in Sources */,
				6E254B092A5E3011005E9F58 /* UserDefaultsManager.swift in Sources */,
				6E2F29662A6661E7005E8B98 /* WeatherTodayTomorrowView.swift in Sources */,
				6EA7E4772A73AF76000E82D3 /* NowPlayingCell.swift in Sources */,
				6EA2BEF92A5FACB30055CA62 /* URLRequest+Ext.swift in Sources */,
				6EC2782E2A5CEF89009BBD05 /* LocationManger.swift in Sources */,
				6E81FD8B2A7CA98200624508 /* DividerView.swift in Sources */,
				6E81FD982A81DE4B00624508 /* UIFont+Ext.swift in Sources */,
				6EACE7C72A5548D8006C5277 /* LoginViewModel.swift in Sources */,
				6E6E48572A564F7B0041A037 /* Constants.swift in Sources */,
				6EA2BEEE2A5FA8110055CA62 /* PrimaryActivityIndicator.swift in Sources */,
				6E6E485E2A565B480041A037 /* CommonUtil.swift in Sources */,
				37B5EFF12A56ECA90071EEFA /* WeatherHeaderView.swift in Sources */,
				6E6E48672A565F2F0041A037 /* NearMeVC.swift in Sources */,
				6EACE7BB2A552DA6006C5277 /* UIColor+Ext.swift in Sources */,
				376EC0BC2A54437C00F57DE4 /* wtd.xcdatamodeld in Sources */,
				3723E6242A74D8610035E030 /* ImageManager.swift in Sources */,
				376EC0ED2A5443D800F57DE4 /* LoginVC.swift in Sources */,
				6E2F29682A67A503005E8B98 /* TodayTomorrowTableViewCell.swift in Sources */,
				6E81FD8F2A7CEE2500624508 /* SectionHeader.swift in Sources */,
				6EA7E4702A7363CD000E82D3 /* MovieService.swift in Sources */,
				6EA2BEFA2A5FACB30055CA62 /* ApiRouter.swift in Sources */,
				6E6E48642A565F230041A037 /* MovieVC.swift in Sources */,
				6EC2782C2A5BEE67009BBD05 /* WeatherService.swift in Sources */,
				3791A5D22A55B80E002EC859 /* FirebaseService.swift in Sources */,
				37B5EFF32A56EF770071EEFA /* TemperatureView.swift in Sources */,
				6EA7E4752A7396EF000E82D3 /* MovieHeaderView.swift in Sources */,
				37B5EFF72A56F5C10071EEFA /* WeatherInfoItemStackView.swift in Sources */,
				375837E32A55B2D0002AAD2C /* GoogleService.swift in Sources */,
				6E7DBC132A64CFC500911DFA /* HourlyWeatherModel.swift in Sources */,
			);
			runOnlyForDeploymentPostprocessing = 0;
		};
		376EC0C32A54437D00F57DE4 /* Sources */ = {
			isa = PBXSourcesBuildPhase;
			buildActionMask = 2147483647;
			files = (
				376EC0CC2A54437D00F57DE4 /* wtdTests.swift in Sources */,
			);
			runOnlyForDeploymentPostprocessing = 0;
		};
		376EC0CD2A54437D00F57DE4 /* Sources */ = {
			isa = PBXSourcesBuildPhase;
			buildActionMask = 2147483647;
			files = (
				376EC0D82A54437D00F57DE4 /* wtdUITestsLaunchTests.swift in Sources */,
				376EC0D62A54437D00F57DE4 /* wtdUITests.swift in Sources */,
			);
			runOnlyForDeploymentPostprocessing = 0;
		};
/* End PBXSourcesBuildPhase section */

/* Begin PBXTargetDependency section */
		376EC0C92A54437D00F57DE4 /* PBXTargetDependency */ = {
			isa = PBXTargetDependency;
			target = 376EC0AD2A54437C00F57DE4 /* wtd */;
			targetProxy = 376EC0C82A54437D00F57DE4 /* PBXContainerItemProxy */;
		};
		376EC0D32A54437D00F57DE4 /* PBXTargetDependency */ = {
			isa = PBXTargetDependency;
			target = 376EC0AD2A54437C00F57DE4 /* wtd */;
			targetProxy = 376EC0D22A54437D00F57DE4 /* PBXContainerItemProxy */;
		};
/* End PBXTargetDependency section */

/* Begin PBXVariantGroup section */
		376EC0BF2A54437D00F57DE4 /* LaunchScreen.storyboard */ = {
			isa = PBXVariantGroup;
			children = (
				376EC0C02A54437D00F57DE4 /* Base */,
			);
			name = LaunchScreen.storyboard;
			sourceTree = "<group>";
		};
/* End PBXVariantGroup section */

/* Begin XCBuildConfiguration section */
		376EC0D92A54437D00F57DE4 /* Debug */ = {
			isa = XCBuildConfiguration;
			buildSettings = {
				ALWAYS_SEARCH_USER_PATHS = NO;
				CLANG_ANALYZER_NONNULL = YES;
				CLANG_ANALYZER_NUMBER_OBJECT_CONVERSION = YES_AGGRESSIVE;
				CLANG_CXX_LANGUAGE_STANDARD = "gnu++20";
				CLANG_ENABLE_MODULES = YES;
				CLANG_ENABLE_OBJC_ARC = YES;
				CLANG_ENABLE_OBJC_WEAK = YES;
				CLANG_WARN_BLOCK_CAPTURE_AUTORELEASING = YES;
				CLANG_WARN_BOOL_CONVERSION = YES;
				CLANG_WARN_COMMA = YES;
				CLANG_WARN_CONSTANT_CONVERSION = YES;
				CLANG_WARN_DEPRECATED_OBJC_IMPLEMENTATIONS = YES;
				CLANG_WARN_DIRECT_OBJC_ISA_USAGE = YES_ERROR;
				CLANG_WARN_DOCUMENTATION_COMMENTS = YES;
				CLANG_WARN_EMPTY_BODY = YES;
				CLANG_WARN_ENUM_CONVERSION = YES;
				CLANG_WARN_INFINITE_RECURSION = YES;
				CLANG_WARN_INT_CONVERSION = YES;
				CLANG_WARN_NON_LITERAL_NULL_CONVERSION = YES;
				CLANG_WARN_OBJC_IMPLICIT_RETAIN_SELF = YES;
				CLANG_WARN_OBJC_LITERAL_CONVERSION = YES;
				CLANG_WARN_OBJC_ROOT_CLASS = YES_ERROR;
				CLANG_WARN_QUOTED_INCLUDE_IN_FRAMEWORK_HEADER = YES;
				CLANG_WARN_RANGE_LOOP_ANALYSIS = YES;
				CLANG_WARN_STRICT_PROTOTYPES = YES;
				CLANG_WARN_SUSPICIOUS_MOVE = YES;
				CLANG_WARN_UNGUARDED_AVAILABILITY = YES_AGGRESSIVE;
				CLANG_WARN_UNREACHABLE_CODE = YES;
				CLANG_WARN__DUPLICATE_METHOD_MATCH = YES;
				COPY_PHASE_STRIP = NO;
				DEBUG_INFORMATION_FORMAT = dwarf;
				ENABLE_STRICT_OBJC_MSGSEND = YES;
				ENABLE_TESTABILITY = YES;
				GCC_C_LANGUAGE_STANDARD = gnu11;
				GCC_DYNAMIC_NO_PIC = NO;
				GCC_NO_COMMON_BLOCKS = YES;
				GCC_OPTIMIZATION_LEVEL = 0;
				GCC_PREPROCESSOR_DEFINITIONS = (
					"DEBUG=1",
					"$(inherited)",
				);
				GCC_WARN_64_TO_32_BIT_CONVERSION = YES;
				GCC_WARN_ABOUT_RETURN_TYPE = YES_ERROR;
				GCC_WARN_UNDECLARED_SELECTOR = YES;
				GCC_WARN_UNINITIALIZED_AUTOS = YES_AGGRESSIVE;
				GCC_WARN_UNUSED_FUNCTION = YES;
				GCC_WARN_UNUSED_VARIABLE = YES;
				IPHONEOS_DEPLOYMENT_TARGET = 16.4;
				MTL_ENABLE_DEBUG_INFO = INCLUDE_SOURCE;
				MTL_FAST_MATH = YES;
				ONLY_ACTIVE_ARCH = YES;
				SDKROOT = iphoneos;
				SWIFT_ACTIVE_COMPILATION_CONDITIONS = DEBUG;
				SWIFT_OPTIMIZATION_LEVEL = "-Onone";
			};
			name = Debug;
		};
		376EC0DA2A54437D00F57DE4 /* Release */ = {
			isa = XCBuildConfiguration;
			buildSettings = {
				ALWAYS_SEARCH_USER_PATHS = NO;
				CLANG_ANALYZER_NONNULL = YES;
				CLANG_ANALYZER_NUMBER_OBJECT_CONVERSION = YES_AGGRESSIVE;
				CLANG_CXX_LANGUAGE_STANDARD = "gnu++20";
				CLANG_ENABLE_MODULES = YES;
				CLANG_ENABLE_OBJC_ARC = YES;
				CLANG_ENABLE_OBJC_WEAK = YES;
				CLANG_WARN_BLOCK_CAPTURE_AUTORELEASING = YES;
				CLANG_WARN_BOOL_CONVERSION = YES;
				CLANG_WARN_COMMA = YES;
				CLANG_WARN_CONSTANT_CONVERSION = YES;
				CLANG_WARN_DEPRECATED_OBJC_IMPLEMENTATIONS = YES;
				CLANG_WARN_DIRECT_OBJC_ISA_USAGE = YES_ERROR;
				CLANG_WARN_DOCUMENTATION_COMMENTS = YES;
				CLANG_WARN_EMPTY_BODY = YES;
				CLANG_WARN_ENUM_CONVERSION = YES;
				CLANG_WARN_INFINITE_RECURSION = YES;
				CLANG_WARN_INT_CONVERSION = YES;
				CLANG_WARN_NON_LITERAL_NULL_CONVERSION = YES;
				CLANG_WARN_OBJC_IMPLICIT_RETAIN_SELF = YES;
				CLANG_WARN_OBJC_LITERAL_CONVERSION = YES;
				CLANG_WARN_OBJC_ROOT_CLASS = YES_ERROR;
				CLANG_WARN_QUOTED_INCLUDE_IN_FRAMEWORK_HEADER = YES;
				CLANG_WARN_RANGE_LOOP_ANALYSIS = YES;
				CLANG_WARN_STRICT_PROTOTYPES = YES;
				CLANG_WARN_SUSPICIOUS_MOVE = YES;
				CLANG_WARN_UNGUARDED_AVAILABILITY = YES_AGGRESSIVE;
				CLANG_WARN_UNREACHABLE_CODE = YES;
				CLANG_WARN__DUPLICATE_METHOD_MATCH = YES;
				COPY_PHASE_STRIP = NO;
				DEBUG_INFORMATION_FORMAT = "dwarf-with-dsym";
				ENABLE_NS_ASSERTIONS = NO;
				ENABLE_STRICT_OBJC_MSGSEND = YES;
				GCC_C_LANGUAGE_STANDARD = gnu11;
				GCC_NO_COMMON_BLOCKS = YES;
				GCC_WARN_64_TO_32_BIT_CONVERSION = YES;
				GCC_WARN_ABOUT_RETURN_TYPE = YES_ERROR;
				GCC_WARN_UNDECLARED_SELECTOR = YES;
				GCC_WARN_UNINITIALIZED_AUTOS = YES_AGGRESSIVE;
				GCC_WARN_UNUSED_FUNCTION = YES;
				GCC_WARN_UNUSED_VARIABLE = YES;
				IPHONEOS_DEPLOYMENT_TARGET = 16.4;
				MTL_ENABLE_DEBUG_INFO = NO;
				MTL_FAST_MATH = YES;
				SDKROOT = iphoneos;
				SWIFT_COMPILATION_MODE = wholemodule;
				SWIFT_OPTIMIZATION_LEVEL = "-O";
				VALIDATE_PRODUCT = YES;
			};
			name = Release;
		};
		376EC0DC2A54437D00F57DE4 /* Debug */ = {
			isa = XCBuildConfiguration;
			baseConfigurationReference = E6508F048584C551D517F09C /* Pods-wtd.debug.xcconfig */;
			buildSettings = {
				ASSETCATALOG_COMPILER_APPICON_NAME = AppIcon;
				ASSETCATALOG_COMPILER_GLOBAL_ACCENT_COLOR_NAME = AccentColor;
				CODE_SIGN_ENTITLEMENTS = wtd/wtd.entitlements;
				CODE_SIGN_STYLE = Automatic;
				CURRENT_PROJECT_VERSION = 1;
				DEVELOPMENT_TEAM = 7YM75J8UJJ;
				GENERATE_INFOPLIST_FILE = YES;
				INFOPLIST_FILE = wtd/Info.plist;
				INFOPLIST_KEY_CFBundleDisplayName = "왓투두";
				INFOPLIST_KEY_LSApplicationCategoryType = "public.app-category.lifestyle";
				INFOPLIST_KEY_NSLocationAlwaysAndWhenInUseUsageDescription = "정확한 현재 위치를 기반한 날씨 정보를 보여드리기 위해 위치 정보 제공 동의가 필요합니다.";
				INFOPLIST_KEY_NSLocationWhenInUseUsageDescription = "정확한 현재 위치를 기반한 날씨 정보를 보여드리기 위해 위치 정보 제공 동의가 필요합니다.";
				INFOPLIST_KEY_UIApplicationSupportsIndirectInputEvents = YES;
				INFOPLIST_KEY_UILaunchStoryboardName = LaunchScreen;
				INFOPLIST_KEY_UISupportedInterfaceOrientations = UIInterfaceOrientationPortrait;
				INFOPLIST_KEY_UISupportedInterfaceOrientations_iPad = "UIInterfaceOrientationLandscapeLeft UIInterfaceOrientationLandscapeRight UIInterfaceOrientationPortrait UIInterfaceOrientationPortraitUpsideDown";
				IPHONEOS_DEPLOYMENT_TARGET = 14.4;
				LD_RUNPATH_SEARCH_PATHS = (
					"$(inherited)",
					"@executable_path/Frameworks",
				);
				MARKETING_VERSION = 1.0;
				PRODUCT_BUNDLE_IDENTIFIER = com.chul.HelloIOS.wtd;
				PRODUCT_NAME = "$(TARGET_NAME)";
				SUPPORTED_PLATFORMS = "iphoneos iphonesimulator";
				SUPPORTS_MACCATALYST = NO;
				SUPPORTS_MAC_DESIGNED_FOR_IPHONE_IPAD = NO;
				SWIFT_EMIT_LOC_STRINGS = YES;
				SWIFT_VERSION = 5.0;
				TARGETED_DEVICE_FAMILY = 1;
			};
			name = Debug;
		};
		376EC0DD2A54437D00F57DE4 /* Release */ = {
			isa = XCBuildConfiguration;
			baseConfigurationReference = D1FC495A1332BF4FA9B8B147 /* Pods-wtd.release.xcconfig */;
			buildSettings = {
				ASSETCATALOG_COMPILER_APPICON_NAME = AppIcon;
				ASSETCATALOG_COMPILER_GLOBAL_ACCENT_COLOR_NAME = AccentColor;
				CODE_SIGN_ENTITLEMENTS = wtd/wtd.entitlements;
				CODE_SIGN_STYLE = Automatic;
				CURRENT_PROJECT_VERSION = 1;
				DEVELOPMENT_TEAM = 7YM75J8UJJ;
				GENERATE_INFOPLIST_FILE = YES;
				INFOPLIST_FILE = wtd/Info.plist;
				INFOPLIST_KEY_CFBundleDisplayName = "왓투두";
				INFOPLIST_KEY_LSApplicationCategoryType = "public.app-category.lifestyle";
				INFOPLIST_KEY_NSLocationAlwaysAndWhenInUseUsageDescription = "정확한 현재 위치를 기반한 날씨 정보를 보여드리기 위해 위치 정보 제공 동의가 필요합니다.";
				INFOPLIST_KEY_NSLocationWhenInUseUsageDescription = "정확한 현재 위치를 기반한 날씨 정보를 보여드리기 위해 위치 정보 제공 동의가 필요합니다.";
				INFOPLIST_KEY_UIApplicationSupportsIndirectInputEvents = YES;
				INFOPLIST_KEY_UILaunchStoryboardName = LaunchScreen;
				INFOPLIST_KEY_UISupportedInterfaceOrientations = UIInterfaceOrientationPortrait;
				INFOPLIST_KEY_UISupportedInterfaceOrientations_iPad = "UIInterfaceOrientationLandscapeLeft UIInterfaceOrientationLandscapeRight UIInterfaceOrientationPortrait UIInterfaceOrientationPortraitUpsideDown";
				IPHONEOS_DEPLOYMENT_TARGET = 14.4;
				LD_RUNPATH_SEARCH_PATHS = (
					"$(inherited)",
					"@executable_path/Frameworks",
				);
				MARKETING_VERSION = 1.0;
				PRODUCT_BUNDLE_IDENTIFIER = com.chul.HelloIOS.wtd;
				PRODUCT_NAME = "$(TARGET_NAME)";
				SUPPORTED_PLATFORMS = "iphoneos iphonesimulator";
				SUPPORTS_MACCATALYST = NO;
				SUPPORTS_MAC_DESIGNED_FOR_IPHONE_IPAD = NO;
				SWIFT_EMIT_LOC_STRINGS = YES;
				SWIFT_VERSION = 5.0;
				TARGETED_DEVICE_FAMILY = 1;
			};
			name = Release;
		};
		376EC0DF2A54437D00F57DE4 /* Debug */ = {
			isa = XCBuildConfiguration;
			baseConfigurationReference = 248AE7F0C6A1ECC8BC7D7F32 /* Pods-wtdTests.debug.xcconfig */;
			buildSettings = {
				ALWAYS_EMBED_SWIFT_STANDARD_LIBRARIES = YES;
				BUNDLE_LOADER = "$(TEST_HOST)";
				CODE_SIGN_STYLE = Automatic;
				CURRENT_PROJECT_VERSION = 1;
				DEVELOPMENT_TEAM = 7YM75J8UJJ;
				GENERATE_INFOPLIST_FILE = YES;
				IPHONEOS_DEPLOYMENT_TARGET = 16.4;
				MARKETING_VERSION = 1.0;
				PRODUCT_BUNDLE_IDENTIFIER = com.chul.HelloIOS.wtdTests;
				PRODUCT_NAME = "$(TARGET_NAME)";
				SWIFT_EMIT_LOC_STRINGS = NO;
				SWIFT_VERSION = 5.0;
				TARGETED_DEVICE_FAMILY = "1,2";
				TEST_HOST = "$(BUILT_PRODUCTS_DIR)/wtd.app/$(BUNDLE_EXECUTABLE_FOLDER_PATH)/wtd";
			};
			name = Debug;
		};
		376EC0E02A54437D00F57DE4 /* Release */ = {
			isa = XCBuildConfiguration;
			baseConfigurationReference = 4F4BECFE6C44DC0688C2A2E1 /* Pods-wtdTests.release.xcconfig */;
			buildSettings = {
				ALWAYS_EMBED_SWIFT_STANDARD_LIBRARIES = YES;
				BUNDLE_LOADER = "$(TEST_HOST)";
				CODE_SIGN_STYLE = Automatic;
				CURRENT_PROJECT_VERSION = 1;
				DEVELOPMENT_TEAM = 7YM75J8UJJ;
				GENERATE_INFOPLIST_FILE = YES;
				IPHONEOS_DEPLOYMENT_TARGET = 16.4;
				MARKETING_VERSION = 1.0;
				PRODUCT_BUNDLE_IDENTIFIER = com.chul.HelloIOS.wtdTests;
				PRODUCT_NAME = "$(TARGET_NAME)";
				SWIFT_EMIT_LOC_STRINGS = NO;
				SWIFT_VERSION = 5.0;
				TARGETED_DEVICE_FAMILY = "1,2";
				TEST_HOST = "$(BUILT_PRODUCTS_DIR)/wtd.app/$(BUNDLE_EXECUTABLE_FOLDER_PATH)/wtd";
			};
			name = Release;
		};
		376EC0E22A54437D00F57DE4 /* Debug */ = {
			isa = XCBuildConfiguration;
			baseConfigurationReference = 786D51991994B747EFC7BF01 /* Pods-wtd-wtdUITests.debug.xcconfig */;
			buildSettings = {
				ALWAYS_EMBED_SWIFT_STANDARD_LIBRARIES = YES;
				CODE_SIGN_STYLE = Automatic;
				CURRENT_PROJECT_VERSION = 1;
				DEVELOPMENT_TEAM = 7YM75J8UJJ;
				GENERATE_INFOPLIST_FILE = YES;
				MARKETING_VERSION = 1.0;
				PRODUCT_BUNDLE_IDENTIFIER = com.chul.HelloIOS.wtdUITests;
				PRODUCT_NAME = "$(TARGET_NAME)";
				SWIFT_EMIT_LOC_STRINGS = NO;
				SWIFT_VERSION = 5.0;
				TARGETED_DEVICE_FAMILY = "1,2";
				TEST_TARGET_NAME = wtd;
			};
			name = Debug;
		};
		376EC0E32A54437D00F57DE4 /* Release */ = {
			isa = XCBuildConfiguration;
			baseConfigurationReference = 2C8CC3303F7BE761338F6FBB /* Pods-wtd-wtdUITests.release.xcconfig */;
			buildSettings = {
				ALWAYS_EMBED_SWIFT_STANDARD_LIBRARIES = YES;
				CODE_SIGN_STYLE = Automatic;
				CURRENT_PROJECT_VERSION = 1;
				DEVELOPMENT_TEAM = 7YM75J8UJJ;
				GENERATE_INFOPLIST_FILE = YES;
				MARKETING_VERSION = 1.0;
				PRODUCT_BUNDLE_IDENTIFIER = com.chul.HelloIOS.wtdUITests;
				PRODUCT_NAME = "$(TARGET_NAME)";
				SWIFT_EMIT_LOC_STRINGS = NO;
				SWIFT_VERSION = 5.0;
				TARGETED_DEVICE_FAMILY = "1,2";
				TEST_TARGET_NAME = wtd;
			};
			name = Release;
		};
/* End XCBuildConfiguration section */

/* Begin XCConfigurationList section */
		376EC0A92A54437C00F57DE4 /* Build configuration list for PBXProject "wtd" */ = {
			isa = XCConfigurationList;
			buildConfigurations = (
				376EC0D92A54437D00F57DE4 /* Debug */,
				376EC0DA2A54437D00F57DE4 /* Release */,
			);
			defaultConfigurationIsVisible = 0;
			defaultConfigurationName = Release;
		};
		376EC0DB2A54437D00F57DE4 /* Build configuration list for PBXNativeTarget "wtd" */ = {
			isa = XCConfigurationList;
			buildConfigurations = (
				376EC0DC2A54437D00F57DE4 /* Debug */,
				376EC0DD2A54437D00F57DE4 /* Release */,
			);
			defaultConfigurationIsVisible = 0;
			defaultConfigurationName = Release;
		};
		376EC0DE2A54437D00F57DE4 /* Build configuration list for PBXNativeTarget "wtdTests" */ = {
			isa = XCConfigurationList;
			buildConfigurations = (
				376EC0DF2A54437D00F57DE4 /* Debug */,
				376EC0E02A54437D00F57DE4 /* Release */,
			);
			defaultConfigurationIsVisible = 0;
			defaultConfigurationName = Release;
		};
		376EC0E12A54437D00F57DE4 /* Build configuration list for PBXNativeTarget "wtdUITests" */ = {
			isa = XCConfigurationList;
			buildConfigurations = (
				376EC0E22A54437D00F57DE4 /* Debug */,
				376EC0E32A54437D00F57DE4 /* Release */,
			);
			defaultConfigurationIsVisible = 0;
			defaultConfigurationName = Release;
		};
/* End XCConfigurationList section */

/* Begin XCVersionGroup section */
		376EC0BA2A54437C00F57DE4 /* wtd.xcdatamodeld */ = {
			isa = XCVersionGroup;
			children = (
				376EC0BB2A54437C00F57DE4 /* wtd.xcdatamodel */,
			);
			currentVersion = 376EC0BB2A54437C00F57DE4 /* wtd.xcdatamodel */;
			path = wtd.xcdatamodeld;
			sourceTree = "<group>";
			versionGroupType = wrapper.xcdatamodel;
		};
/* End XCVersionGroup section */
	};
	rootObject = 376EC0A62A54437C00F57DE4 /* Project object */;
}
